<?xml version="1.0" encoding="utf-8"?>
<Project ToolsVersion="4.0" xmlns="http://schemas.microsoft.com/developer/msbuild/2003">
  <ItemGroup>
    <ClCompile Include="Vector4.cpp">
      <Filter>Source</Filter>
    </ClCompile>
    <ClCompile Include="LunarMath.cpp">
      <Filter>Source</Filter>
    </ClCompile>
    <ClCompile Include="Matrix4x4.cpp">
      <Filter>Source</Filter>
    </ClCompile>
    <ClCompile Include="Quarernion.cpp">
      <Filter>Source</Filter>
    </ClCompile>
    <ClCompile Include="Vector2.cpp">
      <Filter>Source</Filter>
    </ClCompile>
    <ClCompile Include="Vector3.cpp">
      <Filter>Source</Filter>
    </ClCompile>
  </ItemGroup>
  <ItemGroup>
    <ClInclude Include="LunarMath.h">
      <Filter>Headers</Filter>
    </ClInclude>
    <ClInclude Include="Matrix4x4.h">
      <Filter>Headers</Filter>
    </ClInclude>
    <ClInclude Include="Vector2.h">
      <Filter>Headers</Filter>
    </ClInclude>
    <ClInclude Include="Vector3.h">
      <Filter>Headers</Filter>
    </ClInclude>
    <ClInclude Include="Vector4.h">
      <Filter>Headers</Filter>
    </ClInclude>
    <ClInclude Include="Quarernion.h">
      <Filter>Headers</Filter>
    </ClInclude>
  </ItemGroup>
  <ItemGroup>
    <Filter Include="Headers">
      <UniqueIdentifier>{9dafa191-8af1-4183-9b89-28baf9dca3b3}</UniqueIdentifier>
    </Filter>
    <Filter Include="Source">
      <UniqueIdentifier>{505fa347-b8af-4625-9653-db17c464ba8b}</UniqueIdentifier>
    </Filter>
  </ItemGroup>
</Project>